
Microsoft Visual Studio Solution File, Format Version 12.00
# Visual Studio 15
VisualStudioVersion = 15.0.27703.2042
MinimumVisualStudioVersion = 10.0.40219.1
Project("{FAE04EC0-301F-11D3-BF4B-00C04F79EFBC}") = "WPFStuff", "WPFStuff\WPFStuff.csproj", "{F7020433-225B-4CEA-86B7-15038F425279}"
EndProject
Global
	GlobalSection(SolutionConfigurationPlatforms) = preSolution
		Debug|Any CPU = Debug|Any CPU
		Release|Any CPU = Release|Any CPU
	EndGlobalSection
	GlobalSection(ProjectConfigurationPlatforms) = postSolution
		{F7020433-225B-4CEA-86B7-15038F425279}.Debug|Any CPU.ActiveCfg = Debug|Any CPU
		{F7020433-225B-4CEA-86B7-15038F425279}.Debug|Any CPU.Build.0 = Debug|Any CPU
		{F7020433-225B-4CEA-86B7-15038F425279}.Release|Any CPU.ActiveCfg = Release|Any CPU
		{F7020433-225B-4CEA-86B7-15038F425279}.Release|Any CPU.Build.0 = Release|Any CPU
	EndGlobalSection
	GlobalSection(SolutionProperties) = preSolution
		HideSolutionNode = FALSE
	EndGlobalSection
	GlobalSection(ExtensibilityGlobals) = postSolution
		SolutionGuid = {2DB96CEC-4AD8-49ED-9BA6-63FC2865E197}
	EndGlobalSection
EndGlobal
